
Microsoft Visual Studio Solution File, Format Version 12.00
# Visual Studio Version 17
VisualStudioVersion = 17.13.36105.23
MinimumVisualStudioVersion = 10.0.40219.1
Project("{FAE04EC0-301F-11D3-BF4B-00C04F79EFBC}") = "RemoteDriveClient", "RemoteDriveClient.csproj", "{03358E48-A1BE-400D-A9FD-D7717CEBE51C}"
EndProject
Project("{FAE04EC0-301F-11D3-BF4B-00C04F79EFBC}") = "RemoteDriveClient.Tests", "RemoteDriveClient.Tests\RemoteDriveClient.Tests.csproj", "{047B0ABB-E60C-0F65-2889-76C13F7B75D6}"
	ProjectSection(ProjectDependencies) = postProject
		{03358E48-A1BE-400D-A9FD-D7717CEBE51C} = {03358E48-A1BE-400D-A9FD-D7717CEBE51C}
	EndProjectSection
EndProject
Global
	GlobalSection(SolutionConfigurationPlatforms) = preSolution
		Debug|Any CPU = Debug|Any CPU
		Debug|x86 = Debug|x86
		Release|Any CPU = Release|Any CPU
		Release|x86 = Release|x86
	EndGlobalSection
	GlobalSection(ProjectConfigurationPlatforms) = postSolution
		{03358E48-A1BE-400D-A9FD-D7717CEBE51C}.Debug|Any CPU.ActiveCfg = Debug|Any CPU
		{03358E48-A1BE-400D-A9FD-D7717CEBE51C}.Debug|Any CPU.Build.0 = Debug|Any CPU
		{03358E48-A1BE-400D-A9FD-D7717CEBE51C}.Debug|x86.ActiveCfg = Debug|x86
		{03358E48-A1BE-400D-A9FD-D7717CEBE51C}.Debug|x86.Build.0 = Debug|x86
		{03358E48-A1BE-400D-A9FD-D7717CEBE51C}.Release|Any CPU.ActiveCfg = Release|Any CPU
		{03358E48-A1BE-400D-A9FD-D7717CEBE51C}.Release|Any CPU.Build.0 = Release|Any CPU
		{03358E48-A1BE-400D-A9FD-D7717CEBE51C}.Release|x86.ActiveCfg = Release|x86
		{03358E48-A1BE-400D-A9FD-D7717CEBE51C}.Release|x86.Build.0 = Release|x86
		{047B0ABB-E60C-0F65-2889-76C13F7B75D6}.Debug|Any CPU.ActiveCfg = Debug|Any CPU
		{047B0ABB-E60C-0F65-2889-76C13F7B75D6}.Debug|Any CPU.Build.0 = Debug|Any CPU
		{047B0ABB-E60C-0F65-2889-76C13F7B75D6}.Debug|x86.ActiveCfg = Debug|Any CPU
		{047B0ABB-E60C-0F65-2889-76C13F7B75D6}.Debug|x86.Build.0 = Debug|Any CPU
		{047B0ABB-E60C-0F65-2889-76C13F7B75D6}.Release|Any CPU.ActiveCfg = Release|Any CPU
		{047B0ABB-E60C-0F65-2889-76C13F7B75D6}.Release|Any CPU.Build.0 = Release|Any CPU
		{047B0ABB-E60C-0F65-2889-76C13F7B75D6}.Release|x86.ActiveCfg = Release|Any CPU
		{047B0ABB-E60C-0F65-2889-76C13F7B75D6}.Release|x86.Build.0 = Release|Any CPU
	EndGlobalSection
	GlobalSection(SolutionProperties) = preSolution
		HideSolutionNode = FALSE
	EndGlobalSection
	GlobalSection(ExtensibilityGlobals) = postSolution
		SolutionGuid = {D0AB8DE4-FD49-4344-A4BA-E9BFD8B15231}
	EndGlobalSection
EndGlobal
